
Microsoft Visual Studio Solution File, Format Version 12.00
# Visual Studio Version 16
VisualStudioVersion = 16.0.29728.190
MinimumVisualStudioVersion = 10.0.40219.1
Project("{FAE04EC0-301F-11D3-BF4B-00C04F79EFBC}") = "PinkyAndTheBrain", "PinkyAndTheBrain\PinkyAndTheBrain.csproj", "{36483307-A439-43B6-9284-E35F6965BB8B}"
EndProject
Global
	GlobalSection(SolutionConfigurationPlatforms) = preSolution
		Debug|Any CPU = Debug|Any CPU
		Release|Any CPU = Release|Any CPU
	EndGlobalSection
	GlobalSection(ProjectConfigurationPlatforms) = postSolution
		{36483307-A439-43B6-9284-E35F6965BB8B}.Debug|Any CPU.ActiveCfg = Debug|Any CPU
		{36483307-A439-43B6-9284-E35F6965BB8B}.Debug|Any CPU.Build.0 = Debug|Any CPU
		{36483307-A439-43B6-9284-E35F6965BB8B}.Release|Any CPU.ActiveCfg = Release|Any CPU
		{36483307-A439-43B6-9284-E35F6965BB8B}.Release|Any CPU.Build.0 = Release|Any CPU
	EndGlobalSection
	GlobalSection(SolutionProperties) = preSolution
		HideSolutionNode = FALSE
	EndGlobalSection
	GlobalSection(ExtensibilityGlobals) = postSolution
		SolutionGuid = {75A5AABD-3DF2-4B6F-8C3C-03008477C175}
	EndGlobalSection
EndGlobal
